
Microsoft Visual Studio Solution File, Format Version 12.00
# Visual Studio Version 16
VisualStudioVersion = 16.0.30114.105
MinimumVisualStudioVersion = 10.0.40219.1
Project("{FAE04EC0-301F-11D3-BF4B-00C04F79EFBC}") = "CarRent", "src\CarRent.csproj", "{5CA42A62-046C-4698-BDA3-FD5BD345BFC1}"
EndProject
Project("{FAE04EC0-301F-11D3-BF4B-00C04F79EFBC}") = "CarRent.Tests", "tests\CarRent.Tests.csproj", "{8ACDF862-6DA6-4A92-9537-919C98A60D2E}"
EndProject
Global
	GlobalSection(SolutionConfigurationPlatforms) = preSolution
		Debug|Any CPU = Debug|Any CPU
		Release|Any CPU = Release|Any CPU
	EndGlobalSection
	GlobalSection(SolutionProperties) = preSolution
		HideSolutionNode = FALSE
	EndGlobalSection
	GlobalSection(ProjectConfigurationPlatforms) = postSolution
		{5CA42A62-046C-4698-BDA3-FD5BD345BFC1}.Debug|Any CPU.ActiveCfg = Debug|Any CPU
		{5CA42A62-046C-4698-BDA3-FD5BD345BFC1}.Debug|Any CPU.Build.0 = Debug|Any CPU
		{5CA42A62-046C-4698-BDA3-FD5BD345BFC1}.Release|Any CPU.ActiveCfg = Release|Any CPU
		{5CA42A62-046C-4698-BDA3-FD5BD345BFC1}.Release|Any CPU.Build.0 = Release|Any CPU
		{8ACDF862-6DA6-4A92-9537-919C98A60D2E}.Debug|Any CPU.ActiveCfg = Debug|Any CPU
		{8ACDF862-6DA6-4A92-9537-919C98A60D2E}.Debug|Any CPU.Build.0 = Debug|Any CPU
		{8ACDF862-6DA6-4A92-9537-919C98A60D2E}.Release|Any CPU.ActiveCfg = Release|Any CPU
		{8ACDF862-6DA6-4A92-9537-919C98A60D2E}.Release|Any CPU.Build.0 = Release|Any CPU
	EndGlobalSection
EndGlobal
